
Microsoft Visual Studio Solution File, Format Version 12.00
# Visual Studio Version 17
VisualStudioVersion = 17.6.33723.286
MinimumVisualStudioVersion = 10.0.40219.1
Project("{FAE04EC0-301F-11D3-BF4B-00C04F79EFBC}") = "Jimuel", "Jimuel.csproj", "{7721EF43-F3A8-4845-86C5-533EE3AB8397}"
EndProject
Global
	GlobalSection(SolutionConfigurationPlatforms) = preSolution
		Debug|Any CPU = Debug|Any CPU
		Release|Any CPU = Release|Any CPU
	EndGlobalSection
	GlobalSection(ProjectConfigurationPlatforms) = postSolution
		{7721EF43-F3A8-4845-86C5-533EE3AB8397}.Debug|Any CPU.ActiveCfg = Debug|Any CPU
		{7721EF43-F3A8-4845-86C5-533EE3AB8397}.Debug|Any CPU.Build.0 = Debug|Any CPU
		{7721EF43-F3A8-4845-86C5-533EE3AB8397}.Release|Any CPU.ActiveCfg = Release|Any CPU
		{7721EF43-F3A8-4845-86C5-533EE3AB8397}.Release|Any CPU.Build.0 = Release|Any CPU
	EndGlobalSection
	GlobalSection(SolutionProperties) = preSolution
		HideSolutionNode = FALSE
	EndGlobalSection
	GlobalSection(ExtensibilityGlobals) = postSolution
		SolutionGuid = {38AB6041-F964-4ABA-8E4C-7FCE80506B6D}
	EndGlobalSection
EndGlobal
